
Microsoft Visual Studio Solution File, Format Version 12.00
# Visual Studio 15
VisualStudioVersion = 15.0.28307.421
MinimumVisualStudioVersion = 10.0.40219.1
Project("{FAE04EC0-301F-11D3-BF4B-00C04F79EFBC}") = "ASPNETCore_ChatApp", "ASPNETCore_ChatApp\ASPNETCore_ChatApp.csproj", "{7FF2306C-E348-4245-BA90-C1A31A48572D}"
EndProject
Global
	GlobalSection(SolutionConfigurationPlatforms) = preSolution
		Debug|Any CPU = Debug|Any CPU
		Release|Any CPU = Release|Any CPU
	EndGlobalSection
	GlobalSection(ProjectConfigurationPlatforms) = postSolution
		{7FF2306C-E348-4245-BA90-C1A31A48572D}.Debug|Any CPU.ActiveCfg = Debug|Any CPU
		{7FF2306C-E348-4245-BA90-C1A31A48572D}.Debug|Any CPU.Build.0 = Debug|Any CPU
		{7FF2306C-E348-4245-BA90-C1A31A48572D}.Release|Any CPU.ActiveCfg = Release|Any CPU
		{7FF2306C-E348-4245-BA90-C1A31A48572D}.Release|Any CPU.Build.0 = Release|Any CPU
	EndGlobalSection
	GlobalSection(SolutionProperties) = preSolution
		HideSolutionNode = FALSE
	EndGlobalSection
	GlobalSection(ExtensibilityGlobals) = postSolution
		SolutionGuid = {1DF87BF3-9C93-4A75-91B2-01247A1A2925}
	EndGlobalSection
EndGlobal
